
Microsoft Visual Studio Solution File, Format Version 12.00
# Visual Studio 15
VisualStudioVersion = 15.0.27130.2020
MinimumVisualStudioVersion = 10.0.40219.1
Project("{8BC9CEB8-8B4A-11D0-8D11-00A0C91BC942}") = "pracaInzynierska", "pracaInzynierska\pracaInzynierska.vcxproj", "{438A10F6-455C-4D95-9B82-A75DDE30A5D4}"
EndProject
Global
	GlobalSection(SolutionConfigurationPlatforms) = preSolution
		Debug|x64 = Debug|x64
		Debug|x86 = Debug|x86
		Release|x64 = Release|x64
		Release|x86 = Release|x86
	EndGlobalSection
	GlobalSection(ProjectConfigurationPlatforms) = postSolution
		{438A10F6-455C-4D95-9B82-A75DDE30A5D4}.Debug|x64.ActiveCfg = Debug|x64
		{438A10F6-455C-4D95-9B82-A75DDE30A5D4}.Debug|x64.Build.0 = Debug|x64
		{438A10F6-455C-4D95-9B82-A75DDE30A5D4}.Debug|x86.ActiveCfg = Debug|Win32
		{438A10F6-455C-4D95-9B82-A75DDE30A5D4}.Debug|x86.Build.0 = Debug|Win32
		{438A10F6-455C-4D95-9B82-A75DDE30A5D4}.Release|x64.ActiveCfg = Release|x64
		{438A10F6-455C-4D95-9B82-A75DDE30A5D4}.Release|x64.Build.0 = Release|x64
		{438A10F6-455C-4D95-9B82-A75DDE30A5D4}.Release|x86.ActiveCfg = Release|Win32
		{438A10F6-455C-4D95-9B82-A75DDE30A5D4}.Release|x86.Build.0 = Release|Win32
	EndGlobalSection
	GlobalSection(SolutionProperties) = preSolution
		HideSolutionNode = FALSE
	EndGlobalSection
	GlobalSection(ExtensibilityGlobals) = postSolution
		SolutionGuid = {C1A4F9B9-C6F3-4B86-8B67-2363168FC09C}
	EndGlobalSection
EndGlobal
